
Microsoft Visual Studio Solution File, Format Version 12.00
# Visual Studio Version 16
VisualStudioVersion = 16.0.30011.22
MinimumVisualStudioVersion = 10.0.40219.1
Project("{FAE04EC0-301F-11D3-BF4B-00C04F79EFBC}") = "EventosTec.Library", "EventosTec.Library\EventosTec.Library.csproj", "{7B05D89A-5302-41DA-8BBF-9A3197AB41FB}"
EndProject
Project("{9A19103F-16F7-4668-BE54-9A1E7A4F7556}") = "EventosTec.Web", "EventosTec.Web\EventosTec.Web.csproj", "{C5DED0FD-05ED-410B-A28D-0C41832F86FE}"
EndProject
Project("{FAE04EC0-301F-11D3-BF4B-00C04F79EFBC}") = "EventosTec.Prism", "EventosTec.Prism\EventosTec.Prism\EventosTec.Prism.csproj", "{66BC2D27-6010-46ED-B96E-94BEC5171105}"
EndProject
Project("{FAE04EC0-301F-11D3-BF4B-00C04F79EFBC}") = "EventosTec.Prism.Android", "EventosTec.Prism\EventosTec.Prism.Android\EventosTec.Prism.Android.csproj", "{7642481F-6E82-4501-8669-9E63169DF027}"
EndProject
Project("{FAE04EC0-301F-11D3-BF4B-00C04F79EFBC}") = "EventosTec.Prism.iOS", "EventosTec.Prism\EventosTec.Prism.iOS\EventosTec.Prism.iOS.csproj", "{A1E3EE3E-6BA1-4E95-9D05-B7102AB4E205}"
EndProject
Global
	GlobalSection(SolutionConfigurationPlatforms) = preSolution
		Ad-Hoc|Any CPU = Ad-Hoc|Any CPU
		Ad-Hoc|iPhone = Ad-Hoc|iPhone
		Ad-Hoc|iPhoneSimulator = Ad-Hoc|iPhoneSimulator
		AppStore|Any CPU = AppStore|Any CPU
		AppStore|iPhone = AppStore|iPhone
		AppStore|iPhoneSimulator = AppStore|iPhoneSimulator
		Debug|Any CPU = Debug|Any CPU
		Debug|iPhone = Debug|iPhone
		Debug|iPhoneSimulator = Debug|iPhoneSimulator
		Release|Any CPU = Release|Any CPU
		Release|iPhone = Release|iPhone
		Release|iPhoneSimulator = Release|iPhoneSimulator
	EndGlobalSection
	GlobalSection(ProjectConfigurationPlatforms) = postSolution
		{7B05D89A-5302-41DA-8BBF-9A3197AB41FB}.Ad-Hoc|Any CPU.ActiveCfg = Release|Any CPU
		{7B05D89A-5302-41DA-8BBF-9A3197AB41FB}.Ad-Hoc|iPhone.ActiveCfg = Release|Any CPU
		{7B05D89A-5302-41DA-8BBF-9A3197AB41FB}.Ad-Hoc|iPhoneSimulator.ActiveCfg = Release|Any CPU
		{7B05D89A-5302-41DA-8BBF-9A3197AB41FB}.AppStore|Any CPU.ActiveCfg = Release|Any CPU
		{7B05D89A-5302-41DA-8BBF-9A3197AB41FB}.AppStore|iPhone.ActiveCfg = Release|Any CPU
		{7B05D89A-5302-41DA-8BBF-9A3197AB41FB}.AppStore|iPhoneSimulator.ActiveCfg = Release|Any CPU
		{7B05D89A-5302-41DA-8BBF-9A3197AB41FB}.Debug|Any CPU.ActiveCfg = Debug|Any CPU
		{7B05D89A-5302-41DA-8BBF-9A3197AB41FB}.Debug|Any CPU.Build.0 = Debug|Any CPU
		{7B05D89A-5302-41DA-8BBF-9A3197AB41FB}.Debug|iPhone.ActiveCfg = Debug|Any CPU
		{7B05D89A-5302-41DA-8BBF-9A3197AB41FB}.Debug|iPhoneSimulator.ActiveCfg = Debug|Any CPU
		{7B05D89A-5302-41DA-8BBF-9A3197AB41FB}.Release|Any CPU.ActiveCfg = Release|Any CPU
		{7B05D89A-5302-41DA-8BBF-9A3197AB41FB}.Release|Any CPU.Build.0 = Release|Any CPU
		{7B05D89A-5302-41DA-8BBF-9A3197AB41FB}.Release|iPhone.ActiveCfg = Release|Any CPU
		{7B05D89A-5302-41DA-8BBF-9A3197AB41FB}.Release|iPhoneSimulator.ActiveCfg = Release|Any CPU
		{C5DED0FD-05ED-410B-A28D-0C41832F86FE}.Ad-Hoc|Any CPU.ActiveCfg = Release|Any CPU
		{C5DED0FD-05ED-410B-A28D-0C41832F86FE}.Ad-Hoc|Any CPU.Build.0 = Release|Any CPU
		{C5DED0FD-05ED-410B-A28D-0C41832F86FE}.Ad-Hoc|iPhone.ActiveCfg = Release|Any CPU
		{C5DED0FD-05ED-410B-A28D-0C41832F86FE}.Ad-Hoc|iPhone.Build.0 = Release|Any CPU
		{C5DED0FD-05ED-410B-A28D-0C41832F86FE}.Ad-Hoc|iPhoneSimulator.ActiveCfg = Release|Any CPU
		{C5DED0FD-05ED-410B-A28D-0C41832F86FE}.Ad-Hoc|iPhoneSimulator.Build.0 = Release|Any CPU
		{C5DED0FD-05ED-410B-A28D-0C41832F86FE}.AppStore|Any CPU.ActiveCfg = Release|Any CPU
		{C5DED0FD-05ED-410B-A28D-0C41832F86FE}.AppStore|Any CPU.Build.0 = Release|Any CPU
		{C5DED0FD-05ED-410B-A28D-0C41832F86FE}.AppStore|iPhone.ActiveCfg = Release|Any CPU
		{C5DED0FD-05ED-410B-A28D-0C41832F86FE}.AppStore|iPhone.Build.0 = Release|Any CPU
		{C5DED0FD-05ED-410B-A28D-0C41832F86FE}.AppStore|iPhoneSimulator.ActiveCfg = Release|Any CPU
		{C5DED0FD-05ED-410B-A28D-0C41832F86FE}.AppStore|iPhoneSimulator.Build.0 = Release|Any CPU
		{C5DED0FD-05ED-410B-A28D-0C41832F86FE}.Debug|Any CPU.ActiveCfg = Debug|Any CPU
		{C5DED0FD-05ED-410B-A28D-0C41832F86FE}.Debug|Any CPU.Build.0 = Debug|Any CPU
		{C5DED0FD-05ED-410B-A28D-0C41832F86FE}.Debug|iPhone.ActiveCfg = Debug|Any CPU
		{C5DED0FD-05ED-410B-A28D-0C41832F86FE}.Debug|iPhone.Build.0 = Debug|Any CPU
		{C5DED0FD-05ED-410B-A28D-0C41832F86FE}.Debug|iPhoneSimulator.ActiveCfg = Debug|Any CPU
		{C5DED0FD-05ED-410B-A28D-0C41832F86FE}.Debug|iPhoneSimulator.Build.0 = Debug|Any CPU
		{C5DED0FD-05ED-410B-A28D-0C41832F86FE}.Release|Any CPU.ActiveCfg = Release|Any CPU
		{C5DED0FD-05ED-410B-A28D-0C41832F86FE}.Release|Any CPU.Build.0 = Release|Any CPU
		{C5DED0FD-05ED-410B-A28D-0C41832F86FE}.Release|iPhone.ActiveCfg = Release|Any CPU
		{C5DED0FD-05ED-410B-A28D-0C41832F86FE}.Release|iPhone.Build.0 = Release|Any CPU
		{C5DED0FD-05ED-410B-A28D-0C41832F86FE}.Release|iPhoneSimulator.ActiveCfg = Release|Any CPU
		{C5DED0FD-05ED-410B-A28D-0C41832F86FE}.Release|iPhoneSimulator.Build.0 = Release|Any CPU
		{66BC2D27-6010-46ED-B96E-94BEC5171105}.Ad-Hoc|Any CPU.ActiveCfg = Debug|Any CPU
		{66BC2D27-6010-46ED-B96E-94BEC5171105}.Ad-Hoc|Any CPU.Build.0 = Debug|Any CPU
		{66BC2D27-6010-46ED-B96E-94BEC5171105}.Ad-Hoc|iPhone.ActiveCfg = Debug|Any CPU
		{66BC2D27-6010-46ED-B96E-94BEC5171105}.Ad-Hoc|iPhone.Build.0 = Debug|Any CPU
		{66BC2D27-6010-46ED-B96E-94BEC5171105}.Ad-Hoc|iPhoneSimulator.ActiveCfg = Debug|Any CPU
		{66BC2D27-6010-46ED-B96E-94BEC5171105}.Ad-Hoc|iPhoneSimulator.Build.0 = Debug|Any CPU
		{66BC2D27-6010-46ED-B96E-94BEC5171105}.AppStore|Any CPU.ActiveCfg = Debug|Any CPU
		{66BC2D27-6010-46ED-B96E-94BEC5171105}.AppStore|Any CPU.Build.0 = Debug|Any CPU
		{66BC2D27-6010-46ED-B96E-94BEC5171105}.AppStore|iPhone.ActiveCfg = Debug|Any CPU
		{66BC2D27-6010-46ED-B96E-94BEC5171105}.AppStore|iPhone.Build.0 = Debug|Any CPU
		{66BC2D27-6010-46ED-B96E-94BEC5171105}.AppStore|iPhoneSimulator.ActiveCfg = Debug|Any CPU
		{66BC2D27-6010-46ED-B96E-94BEC5171105}.AppStore|iPhoneSimulator.Build.0 = Debug|Any CPU
		{66BC2D27-6010-46ED-B96E-94BEC5171105}.Debug|Any CPU.ActiveCfg = Debug|Any CPU
		{66BC2D27-6010-46ED-B96E-94BEC5171105}.Debug|Any CPU.Build.0 = Debug|Any CPU
		{66BC2D27-6010-46ED-B96E-94BEC5171105}.Debug|iPhone.ActiveCfg = Debug|Any CPU
		{66BC2D27-6010-46ED-B96E-94BEC5171105}.Debug|iPhone.Build.0 = Debug|Any CPU
		{66BC2D27-6010-46ED-B96E-94BEC5171105}.Debug|iPhoneSimulator.ActiveCfg = Debug|Any CPU
		{66BC2D27-6010-46ED-B96E-94BEC5171105}.Debug|iPhoneSimulator.Build.0 = Debug|Any CPU
		{66BC2D27-6010-46ED-B96E-94BEC5171105}.Release|Any CPU.ActiveCfg = Release|Any CPU
		{66BC2D27-6010-46ED-B96E-94BEC5171105}.Release|Any CPU.Build.0 = Release|Any CPU
		{66BC2D27-6010-46ED-B96E-94BEC5171105}.Release|iPhone.ActiveCfg = Release|Any CPU
		{66BC2D27-6010-46ED-B96E-94BEC5171105}.Release|iPhone.Build.0 = Release|Any CPU
		{66BC2D27-6010-46ED-B96E-94BEC5171105}.Release|iPhoneSimulator.ActiveCfg = Release|Any CPU
		{66BC2D27-6010-46ED-B96E-94BEC5171105}.Release|iPhoneSimulator.Build.0 = Release|Any CPU
		{7642481F-6E82-4501-8669-9E63169DF027}.Ad-Hoc|Any CPU.ActiveCfg = Release|Any CPU
		{7642481F-6E82-4501-8669-9E63169DF027}.Ad-Hoc|Any CPU.Build.0 = Release|Any CPU
		{7642481F-6E82-4501-8669-9E63169DF027}.Ad-Hoc|Any CPU.Deploy.0 = Release|Any CPU
		{7642481F-6E82-4501-8669-9E63169DF027}.Ad-Hoc|iPhone.ActiveCfg = Release|Any CPU
		{7642481F-6E82-4501-8669-9E63169DF027}.Ad-Hoc|iPhone.Build.0 = Release|Any CPU
		{7642481F-6E82-4501-8669-9E63169DF027}.Ad-Hoc|iPhone.Deploy.0 = Release|Any CPU
		{7642481F-6E82-4501-8669-9E63169DF027}.Ad-Hoc|iPhoneSimulator.ActiveCfg = Release|Any CPU
		{7642481F-6E82-4501-8669-9E63169DF027}.Ad-Hoc|iPhoneSimulator.Build.0 = Release|Any CPU
		{7642481F-6E82-4501-8669-9E63169DF027}.Ad-Hoc|iPhoneSimulator.Deploy.0 = Release|Any CPU
		{7642481F-6E82-4501-8669-9E63169DF027}.AppStore|Any CPU.ActiveCfg = Release|Any CPU
		{7642481F-6E82-4501-8669-9E63169DF027}.AppStore|Any CPU.Build.0 = Release|Any CPU
		{7642481F-6E82-4501-8669-9E63169DF027}.AppStore|Any CPU.Deploy.0 = Release|Any CPU
		{7642481F-6E82-4501-8669-9E63169DF027}.AppStore|iPhone.ActiveCfg = Release|Any CPU
		{7642481F-6E82-4501-8669-9E63169DF027}.AppStore|iPhone.Build.0 = Release|Any CPU
		{7642481F-6E82-4501-8669-9E63169DF027}.AppStore|iPhone.Deploy.0 = Release|Any CPU
		{7642481F-6E82-4501-8669-9E63169DF027}.AppStore|iPhoneSimulator.ActiveCfg = Release|Any CPU
		{7642481F-6E82-4501-8669-9E63169DF027}.AppStore|iPhoneSimulator.Build.0 = Release|Any CPU
		{7642481F-6E82-4501-8669-9E63169DF027}.AppStore|iPhoneSimulator.Deploy.0 = Release|Any CPU
		{7642481F-6E82-4501-8669-9E63169DF027}.Debug|Any CPU.ActiveCfg = Debug|Any CPU
		{7642481F-6E82-4501-8669-9E63169DF027}.Debug|Any CPU.Build.0 = Debug|Any CPU
		{7642481F-6E82-4501-8669-9E63169DF027}.Debug|Any CPU.Deploy.0 = Debug|Any CPU
		{7642481F-6E82-4501-8669-9E63169DF027}.Debug|iPhone.ActiveCfg = Debug|Any CPU
		{7642481F-6E82-4501-8669-9E63169DF027}.Debug|iPhone.Build.0 = Debug|Any CPU
		{7642481F-6E82-4501-8669-9E63169DF027}.Debug|iPhone.Deploy.0 = Debug|Any CPU
		{7642481F-6E82-4501-8669-9E63169DF027}.Debug|iPhoneSimulator.ActiveCfg = Debug|Any CPU
		{7642481F-6E82-4501-8669-9E63169DF027}.Debug|iPhoneSimulator.Build.0 = Debug|Any CPU
		{7642481F-6E82-4501-8669-9E63169DF027}.Debug|iPhoneSimulator.Deploy.0 = Debug|Any CPU
		{7642481F-6E82-4501-8669-9E63169DF027}.Release|Any CPU.ActiveCfg = Release|Any CPU
		{7642481F-6E82-4501-8669-9E63169DF027}.Release|Any CPU.Build.0 = Release|Any CPU
		{7642481F-6E82-4501-8669-9E63169DF027}.Release|Any CPU.Deploy.0 = Release|Any CPU
		{7642481F-6E82-4501-8669-9E63169DF027}.Release|iPhone.ActiveCfg = Release|Any CPU
		{7642481F-6E82-4501-8669-9E63169DF027}.Release|iPhone.Build.0 = Release|Any CPU
		{7642481F-6E82-4501-8669-9E63169DF027}.Release|iPhone.Deploy.0 = Release|Any CPU
		{7642481F-6E82-4501-8669-9E63169DF027}.Release|iPhoneSimulator.ActiveCfg = Release|Any CPU
		{7642481F-6E82-4501-8669-9E63169DF027}.Release|iPhoneSimulator.Build.0 = Release|Any CPU
		{7642481F-6E82-4501-8669-9E63169DF027}.Release|iPhoneSimulator.Deploy.0 = Release|Any CPU
		{A1E3EE3E-6BA1-4E95-9D05-B7102AB4E205}.Ad-Hoc|Any CPU.ActiveCfg = Ad-Hoc|iPhone
		{A1E3EE3E-6BA1-4E95-9D05-B7102AB4E205}.Ad-Hoc|iPhone.ActiveCfg = Ad-Hoc|iPhone
		{A1E3EE3E-6BA1-4E95-9D05-B7102AB4E205}.Ad-Hoc|iPhone.Build.0 = Ad-Hoc|iPhone
		{A1E3EE3E-6BA1-4E95-9D05-B7102AB4E205}.Ad-Hoc|iPhoneSimulator.ActiveCfg = Ad-Hoc|iPhoneSimulator
		{A1E3EE3E-6BA1-4E95-9D05-B7102AB4E205}.Ad-Hoc|iPhoneSimulator.Build.0 = Ad-Hoc|iPhoneSimulator
		{A1E3EE3E-6BA1-4E95-9D05-B7102AB4E205}.AppStore|Any CPU.ActiveCfg = AppStore|iPhone
		{A1E3EE3E-6BA1-4E95-9D05-B7102AB4E205}.AppStore|iPhone.ActiveCfg = AppStore|iPhone
		{A1E3EE3E-6BA1-4E95-9D05-B7102AB4E205}.AppStore|iPhone.Build.0 = AppStore|iPhone
		{A1E3EE3E-6BA1-4E95-9D05-B7102AB4E205}.AppStore|iPhoneSimulator.ActiveCfg = AppStore|iPhoneSimulator
		{A1E3EE3E-6BA1-4E95-9D05-B7102AB4E205}.AppStore|iPhoneSimulator.Build.0 = AppStore|iPhoneSimulator
		{A1E3EE3E-6BA1-4E95-9D05-B7102AB4E205}.Debug|Any CPU.ActiveCfg = Debug|iPhone
		{A1E3EE3E-6BA1-4E95-9D05-B7102AB4E205}.Debug|iPhone.ActiveCfg = Debug|iPhone
		{A1E3EE3E-6BA1-4E95-9D05-B7102AB4E205}.Debug|iPhone.Build.0 = Debug|iPhone
		{A1E3EE3E-6BA1-4E95-9D05-B7102AB4E205}.Debug|iPhoneSimulator.ActiveCfg = Debug|iPhoneSimulator
		{A1E3EE3E-6BA1-4E95-9D05-B7102AB4E205}.Debug|iPhoneSimulator.Build.0 = Debug|iPhoneSimulator
		{A1E3EE3E-6BA1-4E95-9D05-B7102AB4E205}.Release|Any CPU.ActiveCfg = Release|iPhone
		{A1E3EE3E-6BA1-4E95-9D05-B7102AB4E205}.Release|iPhone.ActiveCfg = Release|iPhone
		{A1E3EE3E-6BA1-4E95-9D05-B7102AB4E205}.Release|iPhone.Build.0 = Release|iPhone
		{A1E3EE3E-6BA1-4E95-9D05-B7102AB4E205}.Release|iPhoneSimulator.ActiveCfg = Release|iPhoneSimulator
		{A1E3EE3E-6BA1-4E95-9D05-B7102AB4E205}.Release|iPhoneSimulator.Build.0 = Release|iPhoneSimulator
	EndGlobalSection
	GlobalSection(SolutionProperties) = preSolution
		HideSolutionNode = FALSE
	EndGlobalSection
	GlobalSection(ExtensibilityGlobals) = postSolution
		SolutionGuid = {094E1E40-25B0-452F-B659-6BCA3F3C79B0}
	EndGlobalSection
EndGlobal
